
Microsoft Visual Studio Solution File, Format Version 12.00
# Visual Studio 15
VisualStudioVersion = 15.0.28307.421
MinimumVisualStudioVersion = 10.0.40219.1
Project("{FAE04EC0-301F-11D3-BF4B-00C04F79EFBC}") = "MilitaryUnit", "MilitaryUnit\MilitaryUnit.csproj", "{3DDF279C-B231-4975-84F5-A1FDF6A813EC}"
EndProject
Global
	GlobalSection(SolutionConfigurationPlatforms) = preSolution
		Debug|Any CPU = Debug|Any CPU
		Release|Any CPU = Release|Any CPU
	EndGlobalSection
	GlobalSection(ProjectConfigurationPlatforms) = postSolution
		{3DDF279C-B231-4975-84F5-A1FDF6A813EC}.Debug|Any CPU.ActiveCfg = Debug|Any CPU
		{3DDF279C-B231-4975-84F5-A1FDF6A813EC}.Debug|Any CPU.Build.0 = Debug|Any CPU
		{3DDF279C-B231-4975-84F5-A1FDF6A813EC}.Release|Any CPU.ActiveCfg = Release|Any CPU
		{3DDF279C-B231-4975-84F5-A1FDF6A813EC}.Release|Any CPU.Build.0 = Release|Any CPU
	EndGlobalSection
	GlobalSection(SolutionProperties) = preSolution
		HideSolutionNode = FALSE
	EndGlobalSection
	GlobalSection(ExtensibilityGlobals) = postSolution
		SolutionGuid = {DD489A41-0B89-4850-80F8-63B40DCEA894}
	EndGlobalSection
EndGlobal
